
Microsoft Visual Studio Solution File, Format Version 12.00
# Visual Studio Version 17
VisualStudioVersion = 17.0.31919.166
MinimumVisualStudioVersion = 10.0.40219.1
Project("{9A19103F-16F7-4668-BE54-9A1E7A4F7556}") = "IceCreamAPI", "IceCream\IceCreamAPI.csproj", "{9C93E834-93DB-4E2C-A433-3C245337C819}"
EndProject
Project("{9A19103F-16F7-4668-BE54-9A1E7A4F7556}") = "IceCreamWeb", "IceCreamWeb\IceCreamWeb.csproj", "{3E2D5E39-371C-4D0B-95FB-ECCD3CF5D93C}"
EndProject
Project("{9A19103F-16F7-4668-BE54-9A1E7A4F7556}") = "IceCream.DataLibrary", "IceCreamLibrary\IceCream.DataLibrary.csproj", "{28FFDDA8-B586-4612-A8FA-B6A3513F6550}"
EndProject
Project("{9A19103F-16F7-4668-BE54-9A1E7A4F7556}") = "IceCream.DataAccessLibrary", "IceCream.DataAccessLibrary\IceCream.DataAccessLibrary.csproj", "{8A1C2481-0708-4093-93F8-E9160B3894EB}"
EndProject
Project("{FAE04EC0-301F-11D3-BF4B-00C04F79EFBC}") = "IceCreamEmail", "IceCreamEmail\IceCreamEmail.csproj", "{2A265F30-CAF3-4555-8C6C-1ED713402917}"
EndProject
Global
	GlobalSection(SolutionConfigurationPlatforms) = preSolution
		Debug|Any CPU = Debug|Any CPU
		Release|Any CPU = Release|Any CPU
	EndGlobalSection
	GlobalSection(ProjectConfigurationPlatforms) = postSolution
		{9C93E834-93DB-4E2C-A433-3C245337C819}.Debug|Any CPU.ActiveCfg = Debug|Any CPU
		{9C93E834-93DB-4E2C-A433-3C245337C819}.Debug|Any CPU.Build.0 = Debug|Any CPU
		{9C93E834-93DB-4E2C-A433-3C245337C819}.Release|Any CPU.ActiveCfg = Release|Any CPU
		{9C93E834-93DB-4E2C-A433-3C245337C819}.Release|Any CPU.Build.0 = Release|Any CPU
		{3E2D5E39-371C-4D0B-95FB-ECCD3CF5D93C}.Debug|Any CPU.ActiveCfg = Debug|Any CPU
		{3E2D5E39-371C-4D0B-95FB-ECCD3CF5D93C}.Debug|Any CPU.Build.0 = Debug|Any CPU
		{3E2D5E39-371C-4D0B-95FB-ECCD3CF5D93C}.Release|Any CPU.ActiveCfg = Release|Any CPU
		{3E2D5E39-371C-4D0B-95FB-ECCD3CF5D93C}.Release|Any CPU.Build.0 = Release|Any CPU
		{28FFDDA8-B586-4612-A8FA-B6A3513F6550}.Debug|Any CPU.ActiveCfg = Debug|Any CPU
		{28FFDDA8-B586-4612-A8FA-B6A3513F6550}.Debug|Any CPU.Build.0 = Debug|Any CPU
		{28FFDDA8-B586-4612-A8FA-B6A3513F6550}.Release|Any CPU.ActiveCfg = Release|Any CPU
		{28FFDDA8-B586-4612-A8FA-B6A3513F6550}.Release|Any CPU.Build.0 = Release|Any CPU
		{8A1C2481-0708-4093-93F8-E9160B3894EB}.Debug|Any CPU.ActiveCfg = Debug|Any CPU
		{8A1C2481-0708-4093-93F8-E9160B3894EB}.Debug|Any CPU.Build.0 = Debug|Any CPU
		{8A1C2481-0708-4093-93F8-E9160B3894EB}.Release|Any CPU.ActiveCfg = Release|Any CPU
		{8A1C2481-0708-4093-93F8-E9160B3894EB}.Release|Any CPU.Build.0 = Release|Any CPU
		{2A265F30-CAF3-4555-8C6C-1ED713402917}.Debug|Any CPU.ActiveCfg = Debug|Any CPU
		{2A265F30-CAF3-4555-8C6C-1ED713402917}.Debug|Any CPU.Build.0 = Debug|Any CPU
		{2A265F30-CAF3-4555-8C6C-1ED713402917}.Release|Any CPU.ActiveCfg = Release|Any CPU
		{2A265F30-CAF3-4555-8C6C-1ED713402917}.Release|Any CPU.Build.0 = Release|Any CPU
	EndGlobalSection
	GlobalSection(SolutionProperties) = preSolution
		HideSolutionNode = FALSE
	EndGlobalSection
	GlobalSection(ExtensibilityGlobals) = postSolution
		SolutionGuid = {452B0745-A851-4A55-94DD-F8B54F2FA26C}
	EndGlobalSection
EndGlobal
